
Microsoft Visual Studio Solution File, Format Version 12.00
# Visual Studio Version 17
VisualStudioVersion = 17.8.34330.188
MinimumVisualStudioVersion = 10.0.40219.1
Project("{FAE04EC0-301F-11D3-BF4B-00C04F79EFBC}") = "Annotation", "Annotation\Annotation.csproj", "{EA609FEC-A589-4C5C-815C-44BBD1680131}"
EndProject
Global
	GlobalSection(SolutionConfigurationPlatforms) = preSolution
		Debug|Any CPU = Debug|Any CPU
		Release|Any CPU = Release|Any CPU
	EndGlobalSection
	GlobalSection(ProjectConfigurationPlatforms) = postSolution
		{EA609FEC-A589-4C5C-815C-44BBD1680131}.Debug|Any CPU.ActiveCfg = Debug|Any CPU
		{EA609FEC-A589-4C5C-815C-44BBD1680131}.Debug|Any CPU.Build.0 = Debug|Any CPU
		{EA609FEC-A589-4C5C-815C-44BBD1680131}.Release|Any CPU.ActiveCfg = Release|Any CPU
		{EA609FEC-A589-4C5C-815C-44BBD1680131}.Release|Any CPU.Build.0 = Release|Any CPU
	EndGlobalSection
	GlobalSection(SolutionProperties) = preSolution
		HideSolutionNode = FALSE
	EndGlobalSection
	GlobalSection(ExtensibilityGlobals) = postSolution
		SolutionGuid = {03C6C9EE-5C3C-471B-AE7F-6B432FA4C207}
	EndGlobalSection
EndGlobal
